// !$*UTF8*$!
{
	archiveVersion = 1;
	classes = {
	};
	objectVersion = 56;
	objects = {

/* Begin PBXBuildFile section */
		DDDB65E12A25D2EE00FE519B /* AppDelegate.swift in Sources */ = {isa = PBXBuildFile; fileRef = DDDB65E02A25D2EE00FE519B /* AppDelegate.swift */; };
		DDDB65E32A25D2EE00FE519B /* SceneDelegate.swift in Sources */ = {isa = PBXBuildFile; fileRef = DDDB65E22A25D2EE00FE519B /* SceneDelegate.swift */; };
		DDDB65E52A25D2EE00FE519B /* LogInViewController.swift in Sources */ = {isa = PBXBuildFile; fileRef = DDDB65E42A25D2EE00FE519B /* LogInViewController.swift */; };
		DDDB65E82A25D2EE00FE519B /* LogInViewController.storyboard in Resources */ = {isa = PBXBuildFile; fileRef = DDDB65E62A25D2EE00FE519B /* LogInViewController.storyboard */; };
		DDDB65EA2A25D2F100FE519B /* Assets.xcassets in Resources */ = {isa = PBXBuildFile; fileRef = DDDB65E92A25D2F100FE519B /* Assets.xcassets */; };
		DDDB65ED2A25D2F100FE519B /* LaunchScreen.storyboard in Resources */ = {isa = PBXBuildFile; fileRef = DDDB65EB2A25D2F100FE519B /* LaunchScreen.storyboard */; };
		DDDB65FF2A25D98600FE519B /* UIViewController+Extension .swift in Sources */ = {isa = PBXBuildFile; fileRef = DDDB65FE2A25D98600FE519B /* UIViewController+Extension .swift */; };
		DDDB66012A25DAA700FE519B /* UIView+Extension.swift in Sources */ = {isa = PBXBuildFile; fileRef = DDDB66002A25DAA700FE519B /* UIView+Extension.swift */; };
		DDDB66032A25DB5900FE519B /* UIViewController+Extension.swift in Sources */ = {isa = PBXBuildFile; fileRef = DDDB66022A25DB5900FE519B /* UIViewController+Extension.swift */; };
		DDDB66052A25DC0C00FE519B /* Set NavigationViewController for UIWindow.swift in Sources */ = {isa = PBXBuildFile; fileRef = DDDB66042A25DC0C00FE519B /* Set NavigationViewController for UIWindow.swift */; };
		DDDB660C2A25DDA900FE519B /* RegistrationViewController.swift in Sources */ = {isa = PBXBuildFile; fileRef = DDDB660B2A25DDA900FE519B /* RegistrationViewController.swift */; };
		DDDB660E2A25DDBF00FE519B /* ResetViewController.swift in Sources */ = {isa = PBXBuildFile; fileRef = DDDB660D2A25DDBF00FE519B /* ResetViewController.swift */; };
		DDDB66102A25DDEA00FE519B /* LockScreenViewController.swift in Sources */ = {isa = PBXBuildFile; fileRef = DDDB660F2A25DDEA00FE519B /* LockScreenViewController.swift */; };
		DDDB66122A25DDFC00FE519B /* LockScreenViewController.storyboard in Resources */ = {isa = PBXBuildFile; fileRef = DDDB66112A25DDFC00FE519B /* LockScreenViewController.storyboard */; };
		DDDB66142A25DE1500FE519B /* PresentationScreenViewController.storyboard in Resources */ = {isa = PBXBuildFile; fileRef = DDDB66132A25DE1500FE519B /* PresentationScreenViewController.storyboard */; };
		DDDB66162A25DE2900FE519B /* PresentationScreenViewController.swift in Sources */ = {isa = PBXBuildFile; fileRef = DDDB66152A25DE2900FE519B /* PresentationScreenViewController.swift */; };
		DDDB66182A25DE3400FE519B /* MainScreenViewController.swift in Sources */ = {isa = PBXBuildFile; fileRef = DDDB66172A25DE3400FE519B /* MainScreenViewController.swift */; };
		DDDB661A2A25DE3F00FE519B /* MainScreenViewController.storyboard in Resources */ = {isa = PBXBuildFile; fileRef = DDDB66192A25DE3F00FE519B /* MainScreenViewController.storyboard */; };
		DDDB661C2A25DE6C00FE519B /* OptionsScreenViewController.swift in Sources */ = {isa = PBXBuildFile; fileRef = DDDB661B2A25DE6C00FE519B /* OptionsScreenViewController.swift */; };
		DDDB661E2A25DE8100FE519B /* OptionsScreenViewController.storyboard in Resources */ = {isa = PBXBuildFile; fileRef = DDDB661D2A25DE8100FE519B /* OptionsScreenViewController.storyboard */; };
/* End PBXBuildFile section */

/* Begin PBXFileReference section */
		DDDB65DD2A25D2EE00FE519B /* BlackToDoList.app */ = {isa = PBXFileReference; explicitFileType = wrapper.application; includeInIndex = 0; path = BlackToDoList.app; sourceTree = BUILT_PRODUCTS_DIR; };
		DDDB65E02A25D2EE00FE519B /* AppDelegate.swift */ = {isa = PBXFileReference; lastKnownFileType = sourcecode.swift; path = AppDelegate.swift; sourceTree = "<group>"; };
		DDDB65E22A25D2EE00FE519B /* SceneDelegate.swift */ = {isa = PBXFileReference; lastKnownFileType = sourcecode.swift; path = SceneDelegate.swift; sourceTree = "<group>"; };
		DDDB65E42A25D2EE00FE519B /* LogInViewController.swift */ = {isa = PBXFileReference; lastKnownFileType = sourcecode.swift; path = LogInViewController.swift; sourceTree = "<group>"; };
		DDDB65E72A25D2EE00FE519B /* Base */ = {isa = PBXFileReference; lastKnownFileType = file.storyboard; name = Base; path = Base.lproj/LogInViewController.storyboard; sourceTree = "<group>"; };
		DDDB65E92A25D2F100FE519B /* Assets.xcassets */ = {isa = PBXFileReference; lastKnownFileType = folder.assetcatalog; path = Assets.xcassets; sourceTree = "<group>"; };
		DDDB65EC2A25D2F100FE519B /* Base */ = {isa = PBXFileReference; lastKnownFileType = file.storyboard; name = Base; path = Base.lproj/LaunchScreen.storyboard; sourceTree = "<group>"; };
		DDDB65EE2A25D2F100FE519B /* Info.plist */ = {isa = PBXFileReference; lastKnownFileType = text.plist.xml; path = Info.plist; sourceTree = "<group>"; };
		DDDB65FE2A25D98600FE519B /* UIViewController+Extension .swift */ = {isa = PBXFileReference; lastKnownFileType = sourcecode.swift; path = "UIViewController+Extension .swift"; sourceTree = "<group>"; };
		DDDB66002A25DAA700FE519B /* UIView+Extension.swift */ = {isa = PBXFileReference; lastKnownFileType = sourcecode.swift; path = "UIView+Extension.swift"; sourceTree = "<group>"; };
		DDDB66022A25DB5900FE519B /* UIViewController+Extension.swift */ = {isa = PBXFileReference; lastKnownFileType = sourcecode.swift; path = "UIViewController+Extension.swift"; sourceTree = "<group>"; };
		DDDB66042A25DC0C00FE519B /* Set NavigationViewController for UIWindow.swift */ = {isa = PBXFileReference; lastKnownFileType = sourcecode.swift; path = "Set NavigationViewController for UIWindow.swift"; sourceTree = "<group>"; };
		DDDB660B2A25DDA900FE519B /* RegistrationViewController.swift */ = {isa = PBXFileReference; lastKnownFileType = sourcecode.swift; path = RegistrationViewController.swift; sourceTree = "<group>"; };
		DDDB660D2A25DDBF00FE519B /* ResetViewController.swift */ = {isa = PBXFileReference; lastKnownFileType = sourcecode.swift; path = ResetViewController.swift; sourceTree = "<group>"; };
		DDDB660F2A25DDEA00FE519B /* LockScreenViewController.swift */ = {isa = PBXFileReference; lastKnownFileType = sourcecode.swift; path = LockScreenViewController.swift; sourceTree = "<group>"; };
		DDDB66112A25DDFC00FE519B /* LockScreenViewController.storyboard */ = {isa = PBXFileReference; lastKnownFileType = file.storyboard; path = LockScreenViewController.storyboard; sourceTree = "<group>"; };
		DDDB66132A25DE1500FE519B /* PresentationScreenViewController.storyboard */ = {isa = PBXFileReference; lastKnownFileType = file.storyboard; path = PresentationScreenViewController.storyboard; sourceTree = "<group>"; };
		DDDB66152A25DE2900FE519B /* PresentationScreenViewController.swift */ = {isa = PBXFileReference; lastKnownFileType = sourcecode.swift; path = PresentationScreenViewController.swift; sourceTree = "<group>"; };
		DDDB66172A25DE3400FE519B /* MainScreenViewController.swift */ = {isa = PBXFileReference; lastKnownFileType = sourcecode.swift; path = MainScreenViewController.swift; sourceTree = "<group>"; };
		DDDB66192A25DE3F00FE519B /* MainScreenViewController.storyboard */ = {isa = PBXFileReference; lastKnownFileType = file.storyboard; path = MainScreenViewController.storyboard; sourceTree = "<group>"; };
		DDDB661B2A25DE6C00FE519B /* OptionsScreenViewController.swift */ = {isa = PBXFileReference; lastKnownFileType = sourcecode.swift; path = OptionsScreenViewController.swift; sourceTree = "<group>"; };
		DDDB661D2A25DE8100FE519B /* OptionsScreenViewController.storyboard */ = {isa = PBXFileReference; lastKnownFileType = file.storyboard; path = OptionsScreenViewController.storyboard; sourceTree = "<group>"; };
/* End PBXFileReference section */

/* Begin PBXFrameworksBuildPhase section */
		DDDB65DA2A25D2EE00FE519B /* Frameworks */ = {
			isa = PBXFrameworksBuildPhase;
			buildActionMask = 2147483647;
			files = (
			);
			runOnlyForDeploymentPostprocessing = 0;
		};
/* End PBXFrameworksBuildPhase section */

/* Begin PBXGroup section */
		DDDB65D42A25D2ED00FE519B = {
			isa = PBXGroup;
			children = (
				DDDB65DF2A25D2EE00FE519B /* BlackToDoList */,
				DDDB65DE2A25D2EE00FE519B /* Products */,
			);
			sourceTree = "<group>";
		};
		DDDB65DE2A25D2EE00FE519B /* Products */ = {
			isa = PBXGroup;
			children = (
				DDDB65DD2A25D2EE00FE519B /* BlackToDoList.app */,
			);
			name = Products;
			sourceTree = "<group>";
		};
		DDDB65DF2A25D2EE00FE519B /* BlackToDoList */ = {
			isa = PBXGroup;
			children = (
				DDDB65F72A25D78900FE519B /* Controllers */,
				DDDB65F62A25D78000FE519B /* Models */,
				DDDB65FD2A25D85100FE519B /* Managers */,
				DDDB65FC2A25D83600FE519B /* Network */,
				DDDB65FB2A25D82F00FE519B /* Services */,
				DDDB65F52A25D76200FE519B /* Extensions */,
				DDDB65FA2A25D80000FE519B /* Protocols */,
				DDDB65F42A25D75A00FE519B /* Custom */,
				DDDB65F92A25D7BF00FE519B /* Helpers */,
				DDDB65F82A25D7A800FE519B /* Resources */,
			);
			path = BlackToDoList;
			sourceTree = "<group>";
		};
		DDDB65F42A25D75A00FE519B /* Custom */ = {
			isa = PBXGroup;
			children = (
				DDDB66042A25DC0C00FE519B /* Set NavigationViewController for UIWindow.swift */,
			);
			path = Custom;
			sourceTree = "<group>";
		};
		DDDB65F52A25D76200FE519B /* Extensions */ = {
			isa = PBXGroup;
			children = (
				DDDB65FE2A25D98600FE519B /* UIViewController+Extension .swift */,
				DDDB66002A25DAA700FE519B /* UIView+Extension.swift */,
				DDDB66022A25DB5900FE519B /* UIViewController+Extension.swift */,
			);
			path = Extensions;
			sourceTree = "<group>";
		};
		DDDB65F62A25D78000FE519B /* Models */ = {
			isa = PBXGroup;
			children = (
			);
			path = Models;
			sourceTree = "<group>";
		};
		DDDB65F72A25D78900FE519B /* Controllers */ = {
			isa = PBXGroup;
			children = (
				DDDB66062A25DCDA00FE519B /* LogInScreen */,
				DDDB66072A25DD3C00FE519B /* LockScreen */,
				DDDB66082A25DD4800FE519B /* PresentationScreen */,
				DDDB66092A25DD6B00FE519B /* MainScreen */,
				DDDB660A2A25DD7C00FE519B /* OptionsScreen */,
			);
			path = Controllers;
			sourceTree = "<group>";
		};
		DDDB65F82A25D7A800FE519B /* Resources */ = {
			isa = PBXGroup;
			children = (
				DDDB65E92A25D2F100FE519B /* Assets.xcassets */,
			);
			path = Resources;
			sourceTree = "<group>";
		};
		DDDB65F92A25D7BF00FE519B /* Helpers */ = {
			isa = PBXGroup;
			children = (
				DDDB65E02A25D2EE00FE519B /* AppDelegate.swift */,
				DDDB65E22A25D2EE00FE519B /* SceneDelegate.swift */,
				DDDB65EB2A25D2F100FE519B /* LaunchScreen.storyboard */,
				DDDB65EE2A25D2F100FE519B /* Info.plist */,
			);
			path = Helpers;
			sourceTree = "<group>";
		};
		DDDB65FA2A25D80000FE519B /* Protocols */ = {
			isa = PBXGroup;
			children = (
			);
			path = Protocols;
			sourceTree = "<group>";
		};
		DDDB65FB2A25D82F00FE519B /* Services */ = {
			isa = PBXGroup;
			children = (
			);
			path = Services;
			sourceTree = "<group>";
		};
		DDDB65FC2A25D83600FE519B /* Network */ = {
			isa = PBXGroup;
			children = (
			);
			path = Network;
			sourceTree = "<group>";
		};
		DDDB65FD2A25D85100FE519B /* Managers */ = {
			isa = PBXGroup;
			children = (
			);
			path = Managers;
			sourceTree = "<group>";
		};
		DDDB66062A25DCDA00FE519B /* LogInScreen */ = {
			isa = PBXGroup;
			children = (
				DDDB65E62A25D2EE00FE519B /* LogInViewController.storyboard */,
				DDDB65E42A25D2EE00FE519B /* LogInViewController.swift */,
				DDDB660B2A25DDA900FE519B /* RegistrationViewController.swift */,
				DDDB660D2A25DDBF00FE519B /* ResetViewController.swift */,
			);
			path = LogInScreen;
			sourceTree = "<group>";
		};
		DDDB66072A25DD3C00FE519B /* LockScreen */ = {
			isa = PBXGroup;
			children = (
				DDDB660F2A25DDEA00FE519B /* LockScreenViewController.swift */,
				DDDB66112A25DDFC00FE519B /* LockScreenViewController.storyboard */,
			);
			path = LockScreen;
			sourceTree = "<group>";
		};
		DDDB66082A25DD4800FE519B /* PresentationScreen */ = {
			isa = PBXGroup;
			children = (
				DDDB66132A25DE1500FE519B /* PresentationScreenViewController.storyboard */,
				DDDB66152A25DE2900FE519B /* PresentationScreenViewController.swift */,
			);
			path = PresentationScreen;
			sourceTree = "<group>";
		};
		DDDB66092A25DD6B00FE519B /* MainScreen */ = {
			isa = PBXGroup;
			children = (
				DDDB66172A25DE3400FE519B /* MainScreenViewController.swift */,
				DDDB66192A25DE3F00FE519B /* MainScreenViewController.storyboard */,
			);
			path = MainScreen;
			sourceTree = "<group>";
		};
		DDDB660A2A25DD7C00FE519B /* OptionsScreen */ = {
			isa = PBXGroup;
			children = (
				DDDB661B2A25DE6C00FE519B /* OptionsScreenViewController.swift */,
				DDDB661D2A25DE8100FE519B /* OptionsScreenViewController.storyboard */,
			);
			path = OptionsScreen;
			sourceTree = "<group>";
		};
/* End PBXGroup section */

/* Begin PBXNativeTarget section */
		DDDB65DC2A25D2EE00FE519B /* BlackToDoList */ = {
			isa = PBXNativeTarget;
			buildConfigurationList = DDDB65F12A25D2F100FE519B /* Build configuration list for PBXNativeTarget "BlackToDoList" */;
			buildPhases = (
				DDDB65D92A25D2EE00FE519B /* Sources */,
				DDDB65DA2A25D2EE00FE519B /* Frameworks */,
				DDDB65DB2A25D2EE00FE519B /* Resources */,
			);
			buildRules = (
			);
			dependencies = (
			);
			name = BlackToDoList;
			productName = BlackToDoList;
			productReference = DDDB65DD2A25D2EE00FE519B /* BlackToDoList.app */;
			productType = "com.apple.product-type.application";
		};
/* End PBXNativeTarget section */

/* Begin PBXProject section */
		DDDB65D52A25D2EE00FE519B /* Project object */ = {
			isa = PBXProject;
			attributes = {
				BuildIndependentTargetsInParallel = 1;
				LastSwiftUpdateCheck = 1420;
				LastUpgradeCheck = 1420;
				TargetAttributes = {
					DDDB65DC2A25D2EE00FE519B = {
						CreatedOnToolsVersion = 14.2;
					};
				};
			};
			buildConfigurationList = DDDB65D82A25D2EE00FE519B /* Build configuration list for PBXProject "BlackToDoList" */;
			compatibilityVersion = "Xcode 14.0";
			developmentRegion = en;
			hasScannedForEncodings = 0;
			knownRegions = (
				en,
				Base,
			);
			mainGroup = DDDB65D42A25D2ED00FE519B;
			productRefGroup = DDDB65DE2A25D2EE00FE519B /* Products */;
			projectDirPath = "";
			projectRoot = "";
			targets = (
				DDDB65DC2A25D2EE00FE519B /* BlackToDoList */,
			);
		};
/* End PBXProject section */

/* Begin PBXResourcesBuildPhase section */
		DDDB65DB2A25D2EE00FE519B /* Resources */ = {
			isa = PBXResourcesBuildPhase;
			buildActionMask = 2147483647;
			files = (
				DDDB65ED2A25D2F100FE519B /* LaunchScreen.storyboard in Resources */,
				DDDB66142A25DE1500FE519B /* PresentationScreenViewController.storyboard in Resources */,
				DDDB65EA2A25D2F100FE519B /* Assets.xcassets in Resources */,
				DDDB66122A25DDFC00FE519B /* LockScreenViewController.storyboard in Resources */,
				DDDB661A2A25DE3F00FE519B /* MainScreenViewController.storyboard in Resources */,
				DDDB65E82A25D2EE00FE519B /* LogInViewController.storyboard in Resources */,
				DDDB661E2A25DE8100FE519B /* OptionsScreenViewController.storyboard in Resources */,
			);
			runOnlyForDeploymentPostprocessing = 0;
		};
/* End PBXResourcesBuildPhase section */

/* Begin PBXSourcesBuildPhase section */
		DDDB65D92A25D2EE00FE519B /* Sources */ = {
			isa = PBXSourcesBuildPhase;
			buildActionMask = 2147483647;
			files = (
				DDDB66032A25DB5900FE519B /* UIViewController+Extension.swift in Sources */,
				DDDB66102A25DDEA00FE519B /* LockScreenViewController.swift in Sources */,
				DDDB660E2A25DDBF00FE519B /* ResetViewController.swift in Sources */,
				DDDB65E52A25D2EE00FE519B /* LogInViewController.swift in Sources */,
				DDDB660C2A25DDA900FE519B /* RegistrationViewController.swift in Sources */,
				DDDB66182A25DE3400FE519B /* MainScreenViewController.swift in Sources */,
				DDDB65E12A25D2EE00FE519B /* AppDelegate.swift in Sources */,
				DDDB66052A25DC0C00FE519B /* Set NavigationViewController for UIWindow.swift in Sources */,
				DDDB66162A25DE2900FE519B /* PresentationScreenViewController.swift in Sources */,
				DDDB65FF2A25D98600FE519B /* UIViewController+Extension .swift in Sources */,
				DDDB66012A25DAA700FE519B /* UIView+Extension.swift in Sources */,
				DDDB65E32A25D2EE00FE519B /* SceneDelegate.swift in Sources */,
				DDDB661C2A25DE6C00FE519B /* OptionsScreenViewController.swift in Sources */,
			);
			runOnlyForDeploymentPostprocessing = 0;
		};
/* End PBXSourcesBuildPhase section */

/* Begin PBXVariantGroup section */
		DDDB65E62A25D2EE00FE519B /* LogInViewController.storyboard */ = {
			isa = PBXVariantGroup;
			children = (
				DDDB65E72A25D2EE00FE519B /* Base */,
			);
			name = LogInViewController.storyboard;
			sourceTree = "<group>";
		};
		DDDB65EB2A25D2F100FE519B /* LaunchScreen.storyboard */ = {
			isa = PBXVariantGroup;
			children = (
				DDDB65EC2A25D2F100FE519B /* Base */,
			);
			name = LaunchScreen.storyboard;
			sourceTree = "<group>";
		};
/* End PBXVariantGroup section */

/* Begin XCBuildConfiguration section */
		DDDB65EF2A25D2F100FE519B /* Debug */ = {
			isa = XCBuildConfiguration;
			buildSettings = {
				ALWAYS_SEARCH_USER_PATHS = NO;
				CLANG_ANALYZER_NONNULL = YES;
				CLANG_ANALYZER_NUMBER_OBJECT_CONVERSION = YES_AGGRESSIVE;
				CLANG_CXX_LANGUAGE_STANDARD = "gnu++20";
				CLANG_ENABLE_MODULES = YES;
				CLANG_ENABLE_OBJC_ARC = YES;
				CLANG_ENABLE_OBJC_WEAK = YES;
				CLANG_WARN_BLOCK_CAPTURE_AUTORELEASING = YES;
				CLANG_WARN_BOOL_CONVERSION = YES;
				CLANG_WARN_COMMA = YES;
				CLANG_WARN_CONSTANT_CONVERSION = YES;
				CLANG_WARN_DEPRECATED_OBJC_IMPLEMENTATIONS = YES;
				CLANG_WARN_DIRECT_OBJC_ISA_USAGE = YES_ERROR;
				CLANG_WARN_DOCUMENTATION_COMMENTS = YES;
				CLANG_WARN_EMPTY_BODY = YES;
				CLANG_WARN_ENUM_CONVERSION = YES;
				CLANG_WARN_INFINITE_RECURSION = YES;
				CLANG_WARN_INT_CONVERSION = YES;
				CLANG_WARN_NON_LITERAL_NULL_CONVERSION = YES;
				CLANG_WARN_OBJC_IMPLICIT_RETAIN_SELF = YES;
				CLANG_WARN_OBJC_LITERAL_CONVERSION = YES;
				CLANG_WARN_OBJC_ROOT_CLASS = YES_ERROR;
				CLANG_WARN_QUOTED_INCLUDE_IN_FRAMEWORK_HEADER = YES;
				CLANG_WARN_RANGE_LOOP_ANALYSIS = YES;
				CLANG_WARN_STRICT_PROTOTYPES = YES;
				CLANG_WARN_SUSPICIOUS_MOVE = YES;
				CLANG_WARN_UNGUARDED_AVAILABILITY = YES_AGGRESSIVE;
				CLANG_WARN_UNREACHABLE_CODE = YES;
				CLANG_WARN__DUPLICATE_METHOD_MATCH = YES;
				COPY_PHASE_STRIP = NO;
				DEBUG_INFORMATION_FORMAT = dwarf;
				ENABLE_STRICT_OBJC_MSGSEND = YES;
				ENABLE_TESTABILITY = YES;
				GCC_C_LANGUAGE_STANDARD = gnu11;
				GCC_DYNAMIC_NO_PIC = NO;
				GCC_NO_COMMON_BLOCKS = YES;
				GCC_OPTIMIZATION_LEVEL = 0;
				GCC_PREPROCESSOR_DEFINITIONS = (
					"DEBUG=1",
					"$(inherited)",
				);
				GCC_WARN_64_TO_32_BIT_CONVERSION = YES;
				GCC_WARN_ABOUT_RETURN_TYPE = YES_ERROR;
				GCC_WARN_UNDECLARED_SELECTOR = YES;
				GCC_WARN_UNINITIALIZED_AUTOS = YES_AGGRESSIVE;
				GCC_WARN_UNUSED_FUNCTION = YES;
				GCC_WARN_UNUSED_VARIABLE = YES;
				IPHONEOS_DEPLOYMENT_TARGET = 13.0;
				MTL_ENABLE_DEBUG_INFO = INCLUDE_SOURCE;
				MTL_FAST_MATH = YES;
				ONLY_ACTIVE_ARCH = YES;
				SDKROOT = iphoneos;
				SWIFT_ACTIVE_COMPILATION_CONDITIONS = DEBUG;
				SWIFT_OPTIMIZATION_LEVEL = "-Onone";
			};
			name = Debug;
		};
		DDDB65F02A25D2F100FE519B /* Release */ = {
			isa = XCBuildConfiguration;
			buildSettings = {
				ALWAYS_SEARCH_USER_PATHS = NO;
				CLANG_ANALYZER_NONNULL = YES;
				CLANG_ANALYZER_NUMBER_OBJECT_CONVERSION = YES_AGGRESSIVE;
				CLANG_CXX_LANGUAGE_STANDARD = "gnu++20";
				CLANG_ENABLE_MODULES = YES;
				CLANG_ENABLE_OBJC_ARC = YES;
				CLANG_ENABLE_OBJC_WEAK = YES;
				CLANG_WARN_BLOCK_CAPTURE_AUTORELEASING = YES;
				CLANG_WARN_BOOL_CONVERSION = YES;
				CLANG_WARN_COMMA = YES;
				CLANG_WARN_CONSTANT_CONVERSION = YES;
				CLANG_WARN_DEPRECATED_OBJC_IMPLEMENTATIONS = YES;
				CLANG_WARN_DIRECT_OBJC_ISA_USAGE = YES_ERROR;
				CLANG_WARN_DOCUMENTATION_COMMENTS = YES;
				CLANG_WARN_EMPTY_BODY = YES;
				CLANG_WARN_ENUM_CONVERSION = YES;
				CLANG_WARN_INFINITE_RECURSION = YES;
				CLANG_WARN_INT_CONVERSION = YES;
				CLANG_WARN_NON_LITERAL_NULL_CONVERSION = YES;
				CLANG_WARN_OBJC_IMPLICIT_RETAIN_SELF = YES;
				CLANG_WARN_OBJC_LITERAL_CONVERSION = YES;
				CLANG_WARN_OBJC_ROOT_CLASS = YES_ERROR;
				CLANG_WARN_QUOTED_INCLUDE_IN_FRAMEWORK_HEADER = YES;
				CLANG_WARN_RANGE_LOOP_ANALYSIS = YES;
				CLANG_WARN_STRICT_PROTOTYPES = YES;
				CLANG_WARN_SUSPICIOUS_MOVE = YES;
				CLANG_WARN_UNGUARDED_AVAILABILITY = YES_AGGRESSIVE;
				CLANG_WARN_UNREACHABLE_CODE = YES;
				CLANG_WARN__DUPLICATE_METHOD_MATCH = YES;
				COPY_PHASE_STRIP = NO;
				DEBUG_INFORMATION_FORMAT = "dwarf-with-dsym";
				ENABLE_NS_ASSERTIONS = NO;
				ENABLE_STRICT_OBJC_MSGSEND = YES;
				GCC_C_LANGUAGE_STANDARD = gnu11;
				GCC_NO_COMMON_BLOCKS = YES;
				GCC_WARN_64_TO_32_BIT_CONVERSION = YES;
				GCC_WARN_ABOUT_RETURN_TYPE = YES_ERROR;
				GCC_WARN_UNDECLARED_SELECTOR = YES;
				GCC_WARN_UNINITIALIZED_AUTOS = YES_AGGRESSIVE;
				GCC_WARN_UNUSED_FUNCTION = YES;
				GCC_WARN_UNUSED_VARIABLE = YES;
				IPHONEOS_DEPLOYMENT_TARGET = 13.0;
				MTL_ENABLE_DEBUG_INFO = NO;
				MTL_FAST_MATH = YES;
				SDKROOT = iphoneos;
				SWIFT_COMPILATION_MODE = wholemodule;
				SWIFT_OPTIMIZATION_LEVEL = "-O";
				VALIDATE_PRODUCT = YES;
			};
			name = Release;
		};
		DDDB65F22A25D2F100FE519B /* Debug */ = {
			isa = XCBuildConfiguration;
			buildSettings = {
				ASSETCATALOG_COMPILER_APPICON_NAME = AppIcon;
				ASSETCATALOG_COMPILER_GLOBAL_ACCENT_COLOR_NAME = AccentColor;
				CODE_SIGN_STYLE = Automatic;
				CURRENT_PROJECT_VERSION = 1;
				DEVELOPMENT_TEAM = 7YW3V66545;
				GENERATE_INFOPLIST_FILE = YES;
				INFOPLIST_FILE = BlackToDoList/Helpers/Info.plist;
				INFOPLIST_KEY_UIApplicationSupportsIndirectInputEvents = YES;
				INFOPLIST_KEY_UILaunchStoryboardName = LaunchScreen;
				INFOPLIST_KEY_UIMainStoryboardFile = LogInViewController;
				INFOPLIST_KEY_UISupportedInterfaceOrientations = UIInterfaceOrientationPortrait;
				INFOPLIST_KEY_UISupportedInterfaceOrientations_iPad = "UIInterfaceOrientationLandscapeLeft UIInterfaceOrientationLandscapeRight UIInterfaceOrientationPortrait UIInterfaceOrientationPortraitUpsideDown";
				IPHONEOS_DEPLOYMENT_TARGET = 13.0;
				LD_RUNPATH_SEARCH_PATHS = (
					"$(inherited)",
					"@executable_path/Frameworks",
				);
				MARKETING_VERSION = 1.0;
				PRODUCT_BUNDLE_IDENTIFIER = Hieronius.BlackToDoList;
				PRODUCT_NAME = "$(TARGET_NAME)";
				SUPPORTED_PLATFORMS = "iphoneos iphonesimulator";
				SUPPORTS_MACCATALYST = NO;
				SUPPORTS_MAC_DESIGNED_FOR_IPHONE_IPAD = NO;
				SWIFT_EMIT_LOC_STRINGS = YES;
				SWIFT_VERSION = 5.0;
				TARGETED_DEVICE_FAMILY = 1;
			};
			name = Debug;
		};
		DDDB65F32A25D2F100FE519B /* Release */ = {
			isa = XCBuildConfiguration;
			buildSettings = {
				ASSETCATALOG_COMPILER_APPICON_NAME = AppIcon;
				ASSETCATALOG_COMPILER_GLOBAL_ACCENT_COLOR_NAME = AccentColor;
				CODE_SIGN_STYLE = Automatic;
				CURRENT_PROJECT_VERSION = 1;
				DEVELOPMENT_TEAM = 7YW3V66545;
				GENERATE_INFOPLIST_FILE = YES;
				INFOPLIST_FILE = BlackToDoList/Helpers/Info.plist;
				INFOPLIST_KEY_UIApplicationSupportsIndirectInputEvents = YES;
				INFOPLIST_KEY_UILaunchStoryboardName = LaunchScreen;
				INFOPLIST_KEY_UIMainStoryboardFile = LogInViewController;
				INFOPLIST_KEY_UISupportedInterfaceOrientations = UIInterfaceOrientationPortrait;
				INFOPLIST_KEY_UISupportedInterfaceOrientations_iPad = "UIInterfaceOrientationLandscapeLeft UIInterfaceOrientationLandscapeRight UIInterfaceOrientationPortrait UIInterfaceOrientationPortraitUpsideDown";
				IPHONEOS_DEPLOYMENT_TARGET = 13.0;
				LD_RUNPATH_SEARCH_PATHS = (
					"$(inherited)",
					"@executable_path/Frameworks",
				);
				MARKETING_VERSION = 1.0;
				PRODUCT_BUNDLE_IDENTIFIER = Hieronius.BlackToDoList;
				PRODUCT_NAME = "$(TARGET_NAME)";
				SUPPORTED_PLATFORMS = "iphoneos iphonesimulator";
				SUPPORTS_MACCATALYST = NO;
				SUPPORTS_MAC_DESIGNED_FOR_IPHONE_IPAD = NO;
				SWIFT_EMIT_LOC_STRINGS = YES;
				SWIFT_VERSION = 5.0;
				TARGETED_DEVICE_FAMILY = 1;
			};
			name = Release;
		};
/* End XCBuildConfiguration section */

/* Begin XCConfigurationList section */
		DDDB65D82A25D2EE00FE519B /* Build configuration list for PBXProject "BlackToDoList" */ = {
			isa = XCConfigurationList;
			buildConfigurations = (
				DDDB65EF2A25D2F100FE519B /* Debug */,
				DDDB65F02A25D2F100FE519B /* Release */,
			);
			defaultConfigurationIsVisible = 0;
			defaultConfigurationName = Release;
		};
		DDDB65F12A25D2F100FE519B /* Build configuration list for PBXNativeTarget "BlackToDoList" */ = {
			isa = XCConfigurationList;
			buildConfigurations = (
				DDDB65F22A25D2F100FE519B /* Debug */,
				DDDB65F32A25D2F100FE519B /* Release */,
			);
			defaultConfigurationIsVisible = 0;
			defaultConfigurationName = Release;
		};
/* End XCConfigurationList section */
	};
	rootObject = DDDB65D52A25D2EE00FE519B /* Project object */;
}
